
Microsoft Visual Studio Solution File, Format Version 12.00
# Visual Studio Version 16
VisualStudioVersion = 16.0.33927.289
MinimumVisualStudioVersion = 10.0.40219.1
Project("{FAE04EC0-301F-11D3-BF4B-00C04F79EFBC}") = "DUAN1", "DUAN1\DUAN1.csproj", "{7825AD9C-2EDD-411B-AC63-D11094235F76}"
EndProject
Project("{54435603-DBB4-11D2-8724-00A0C9A8B90C}") = "Setup1", "Setup1\Setup1.vdproj", "{141EC240-8767-4FB2-849C-D1FB9656C5D0}"
EndProject
Global
	GlobalSection(SolutionConfigurationPlatforms) = preSolution
		Debug|Any CPU = Debug|Any CPU
		Release|Any CPU = Release|Any CPU
	EndGlobalSection
	GlobalSection(ProjectConfigurationPlatforms) = postSolution
		{7825AD9C-2EDD-411B-AC63-D11094235F76}.Debug|Any CPU.ActiveCfg = Debug|Any CPU
		{7825AD9C-2EDD-411B-AC63-D11094235F76}.Debug|Any CPU.Build.0 = Debug|Any CPU
		{7825AD9C-2EDD-411B-AC63-D11094235F76}.Release|Any CPU.ActiveCfg = Release|Any CPU
		{7825AD9C-2EDD-411B-AC63-D11094235F76}.Release|Any CPU.Build.0 = Release|Any CPU
		{141EC240-8767-4FB2-849C-D1FB9656C5D0}.Debug|Any CPU.ActiveCfg = Debug
		{141EC240-8767-4FB2-849C-D1FB9656C5D0}.Release|Any CPU.ActiveCfg = Release
	EndGlobalSection
	GlobalSection(SolutionProperties) = preSolution
		HideSolutionNode = FALSE
	EndGlobalSection
	GlobalSection(ExtensibilityGlobals) = postSolution
		SolutionGuid = {42D02280-7F50-4FC2-817D-DD423D8ADEFE}
	EndGlobalSection
EndGlobal
