
Microsoft Visual Studio Solution File, Format Version 12.00
# Visual Studio Version 16
VisualStudioVersion = 16.0.33130.400
MinimumVisualStudioVersion = 10.0.40219.1
Project("{FAE04EC0-301F-11D3-BF4B-00C04F79EFBC}") = "QuanLyKhoXeHoi", "Dangnhap\QuanLyKhoXeHoi.csproj", "{FBFEC20A-847D-4492-94EC-375B0F35660F}"
EndProject
Global
	GlobalSection(SolutionConfigurationPlatforms) = preSolution
		Debug|Any CPU = Debug|Any CPU
		Release|Any CPU = Release|Any CPU
	EndGlobalSection
	GlobalSection(ProjectConfigurationPlatforms) = postSolution
		{FBFEC20A-847D-4492-94EC-375B0F35660F}.Debug|Any CPU.ActiveCfg = Debug|Any CPU
		{FBFEC20A-847D-4492-94EC-375B0F35660F}.Debug|Any CPU.Build.0 = Debug|Any CPU
		{FBFEC20A-847D-4492-94EC-375B0F35660F}.Release|Any CPU.ActiveCfg = Release|Any CPU
		{FBFEC20A-847D-4492-94EC-375B0F35660F}.Release|Any CPU.Build.0 = Release|Any CPU
	EndGlobalSection
	GlobalSection(SolutionProperties) = preSolution
		HideSolutionNode = FALSE
	EndGlobalSection
	GlobalSection(ExtensibilityGlobals) = postSolution
		SolutionGuid = {257DFC5D-68F4-4533-80C1-5F5BB2A2B405}
	EndGlobalSection
EndGlobal
