
Microsoft Visual Studio Solution File, Format Version 12.00
# Visual Studio Version 16
VisualStudioVersion = 16.0.33927.289
MinimumVisualStudioVersion = 10.0.40219.1
Project("{FAE04EC0-301F-11D3-BF4B-00C04F79EFBC}") = "Login", "Login\Login.csproj", "{D3E7C889-39B8-459F-A37E-D0F6734536AF}"
EndProject
Global
	GlobalSection(SolutionConfigurationPlatforms) = preSolution
		Debug|Any CPU = Debug|Any CPU
		Release|Any CPU = Release|Any CPU
	EndGlobalSection
	GlobalSection(ProjectConfigurationPlatforms) = postSolution
		{D3E7C889-39B8-459F-A37E-D0F6734536AF}.Debug|Any CPU.ActiveCfg = Debug|Any CPU
		{D3E7C889-39B8-459F-A37E-D0F6734536AF}.Debug|Any CPU.Build.0 = Debug|Any CPU
		{D3E7C889-39B8-459F-A37E-D0F6734536AF}.Release|Any CPU.ActiveCfg = Release|Any CPU
		{D3E7C889-39B8-459F-A37E-D0F6734536AF}.Release|Any CPU.Build.0 = Release|Any CPU
	EndGlobalSection
	GlobalSection(SolutionProperties) = preSolution
		HideSolutionNode = FALSE
	EndGlobalSection
	GlobalSection(ExtensibilityGlobals) = postSolution
		SolutionGuid = {EB698D6E-8457-4493-98E7-2637FFB80ECB}
	EndGlobalSection
EndGlobal
